# This file is automatically @generated by Poetry 1.4.2 and should not be changed by hand.

[[package]]
name = "simple-term-menu"
version = "1.6.1"
description = "A Python package which creates simple interactive menus on the command line."
category = "main"
optional = false
python-versions = "~=3.5"
files = [
    {file = "simple-term-menu-1.6.1.tar.gz", hash = "sha256:368b4158d1749b868552fb6c054b8301785086c71a7253dac8404cc3cb2d30e8"},
    {file = "simple_term_menu-1.6.1-py3-none-any.whl", hash = "sha256:f12945d5c6998088e86a228e0aff12ff655f5bfad786c86677f23faa1d2afa50"},
]

[metadata]
lock-version = "2.0"
python-versions = "^3.9"
content-hash = "87f7b20e58e441ba08d3226b45daede57b549cb1cb786b2cf8e3659cc0d16642"
